// !$*UTF8*$!
{
	archiveVersion = 1;
	classes = {
	};
	objectVersion = 48;
	objects = {

/* Begin PBXBuildFile section */
		59DDE3CC1EFCB3870061BF21 /* AppDelegate.swift in Sources */ = {isa = PBXBuildFile; fileRef = 59DDE3CB1EFCB3870061BF21 /* AppDelegate.swift */; };
		59DDE3CE1EFCB3870061BF21 /* ViewController.swift in Sources */ = {isa = PBXBuildFile; fileRef = 59DDE3CD1EFCB3870061BF21 /* ViewController.swift */; };
		59DDE3D11EFCB3870061BF21 /* Main.storyboard in Resources */ = {isa = PBXBuildFile; fileRef = 59DDE3CF1EFCB3870061BF21 /* Main.storyboard */; };
		59DDE3D41EFCB3870061BF21 /* iOS_Samplers.xcdatamodeld in Sources */ = {isa = PBXBuildFile; fileRef = 59DDE3D21EFCB3870061BF21 /* iOS_Samplers.xcdatamodeld */; };
		59DDE3D61EFCB3870061BF21 /* Assets.xcassets in Resources */ = {isa = PBXBuildFile; fileRef = 59DDE3D51EFCB3870061BF21 /* Assets.xcassets */; };
		59DDE3D91EFCB3870061BF21 /* LaunchScreen.storyboard in Resources */ = {isa = PBXBuildFile; fileRef = 59DDE3D71EFCB3870061BF21 /* LaunchScreen.storyboard */; };
/* End PBXBuildFile section */

/* Begin PBXFileReference section */
		59DDE3C81EFCB3870061BF21 /* iOS Samplers.app */ = {isa = PBXFileReference; explicitFileType = wrapper.application; includeInIndex = 0; path = "iOS Samplers.app"; sourceTree = BUILT_PRODUCTS_DIR; };
		59DDE3CB1EFCB3870061BF21 /* AppDelegate.swift */ = {isa = PBXFileReference; lastKnownFileType = sourcecode.swift; path = AppDelegate.swift; sourceTree = "<group>"; };
		59DDE3CD1EFCB3870061BF21 /* ViewController.swift */ = {isa = PBXFileReference; lastKnownFileType = sourcecode.swift; path = ViewController.swift; sourceTree = "<group>"; };
		59DDE3D01EFCB3870061BF21 /* Base */ = {isa = PBXFileReference; lastKnownFileType = file.storyboard; name = Base; path = Base.lproj/Main.storyboard; sourceTree = "<group>"; };
		59DDE3D31EFCB3870061BF21 /* iOS_Samplers.xcdatamodel */ = {isa = PBXFileReference; lastKnownFileType = wrapper.xcdatamodel; path = iOS_Samplers.xcdatamodel; sourceTree = "<group>"; };
		59DDE3D51EFCB3870061BF21 /* Assets.xcassets */ = {isa = PBXFileReference; lastKnownFileType = folder.assetcatalog; path = Assets.xcassets; sourceTree = "<group>"; };
		59DDE3D81EFCB3870061BF21 /* Base */ = {isa = PBXFileReference; lastKnownFileType = file.storyboard; name = Base; path = Base.lproj/LaunchScreen.storyboard; sourceTree = "<group>"; };
		59DDE3DA1EFCB3870061BF21 /* Info.plist */ = {isa = PBXFileReference; lastKnownFileType = text.plist.xml; path = Info.plist; sourceTree = "<group>"; };
/* End PBXFileReference section */

/* Begin PBXFrameworksBuildPhase section */
		59DDE3C51EFCB3870061BF21 /* Frameworks */ = {
			isa = PBXFrameworksBuildPhase;
			buildActionMask = 2147483647;
			files = (
			);
			runOnlyForDeploymentPostprocessing = 0;
		};
/* End PBXFrameworksBuildPhase section */

/* Begin PBXGroup section */
		59DDE3BF1EFCB3870061BF21 = {
			isa = PBXGroup;
			children = (
				59DDE3CA1EFCB3870061BF21 /* iOS Samplers */,
				59DDE3C91EFCB3870061BF21 /* Products */,
			);
			sourceTree = "<group>";
		};
		59DDE3C91EFCB3870061BF21 /* Products */ = {
			isa = PBXGroup;
			children = (
				59DDE3C81EFCB3870061BF21 /* iOS Samplers.app */,
			);
			name = Products;
			sourceTree = "<group>";
		};
		59DDE3CA1EFCB3870061BF21 /* iOS Samplers */ = {
			isa = PBXGroup;
			children = (
				59DDE3CB1EFCB3870061BF21 /* AppDelegate.swift */,
				59DDE3CD1EFCB3870061BF21 /* ViewController.swift */,
				59DDE3CF1EFCB3870061BF21 /* Main.storyboard */,
				59DDE3D51EFCB3870061BF21 /* Assets.xcassets */,
				59DDE3D71EFCB3870061BF21 /* LaunchScreen.storyboard */,
				59DDE3DA1EFCB3870061BF21 /* Info.plist */,
				59DDE3D21EFCB3870061BF21 /* iOS_Samplers.xcdatamodeld */,
			);
			path = "iOS Samplers";
			sourceTree = "<group>";
		};
/* End PBXGroup section */

/* Begin PBXNativeTarget section */
		59DDE3C71EFCB3870061BF21 /* iOS Samplers */ = {
			isa = PBXNativeTarget;
			buildConfigurationList = 59DDE3DD1EFCB3870061BF21 /* Build configuration list for PBXNativeTarget "iOS Samplers" */;
			buildPhases = (
				59DDE3C41EFCB3870061BF21 /* Sources */,
				59DDE3C51EFCB3870061BF21 /* Frameworks */,
				59DDE3C61EFCB3870061BF21 /* Resources */,
			);
			buildRules = (
			);
			dependencies = (
			);
			name = "iOS Samplers";
			productName = "iOS Samplers";
			productReference = 59DDE3C81EFCB3870061BF21 /* iOS Samplers.app */;
			productType = "com.apple.product-type.application";
		};
/* End PBXNativeTarget section */

/* Begin PBXProject section */
		59DDE3C01EFCB3870061BF21 /* Project object */ = {
			isa = PBXProject;
			attributes = {
				LastSwiftUpdateCheck = 0900;
				LastUpgradeCheck = 0900;
				ORGANIZATIONNAME = "Chen Shi";
				TargetAttributes = {
					59DDE3C71EFCB3870061BF21 = {
						CreatedOnToolsVersion = 9.0;
					};
				};
			};
			buildConfigurationList = 59DDE3C31EFCB3870061BF21 /* Build configuration list for PBXProject "iOS Samplers" */;
			compatibilityVersion = "Xcode 8.0";
			developmentRegion = en;
			hasScannedForEncodings = 0;
			knownRegions = (
				en,
				Base,
			);
			mainGroup = 59DDE3BF1EFCB3870061BF21;
			productRefGroup = 59DDE3C91EFCB3870061BF21 /* Products */;
			projectDirPath = "";
			projectRoot = "";
			targets = (
				59DDE3C71EFCB3870061BF21 /* iOS Samplers */,
			);
		};
/* End PBXProject section */

/* Begin PBXResourcesBuildPhase section */
		59DDE3C61EFCB3870061BF21 /* Resources */ = {
			isa = PBXResourcesBuildPhase;
			buildActionMask = 2147483647;
			files = (
				59DDE3D91EFCB3870061BF21 /* LaunchScreen.storyboard in Resources */,
				59DDE3D61EFCB3870061BF21 /* Assets.xcassets in Resources */,
				59DDE3D11EFCB3870061BF21 /* Main.storyboard in Resources */,
			);
			runOnlyForDeploymentPostprocessing = 0;
		};
/* End PBXResourcesBuildPhase section */

/* Begin PBXSourcesBuildPhase section */
		59DDE3C41EFCB3870061BF21 /* Sources */ = {
			isa = PBXSourcesBuildPhase;
			buildActionMask = 2147483647;
			files = (
				59DDE3CE1EFCB3870061BF21 /* ViewController.swift in Sources */,
				59DDE3D41EFCB3870061BF21 /* iOS_Samplers.xcdatamodeld in Sources */,
				59DDE3CC1EFCB3870061BF21 /* AppDelegate.swift in Sources */,
			);
			runOnlyForDeploymentPostprocessing = 0;
		};
/* End PBXSourcesBuildPhase section */

/* Begin PBXVariantGroup section */
		59DDE3CF1EFCB3870061BF21 /* Main.storyboard */ = {
			isa = PBXVariantGroup;
			children = (
				59DDE3D01EFCB3870061BF21 /* Base */,
			);
			name = Main.storyboard;
			sourceTree = "<group>";
		};
		59DDE3D71EFCB3870061BF21 /* LaunchScreen.storyboard */ = {
			isa = PBXVariantGroup;
			children = (
				59DDE3D81EFCB3870061BF21 /* Base */,
			);
			name = LaunchScreen.storyboard;
			sourceTree = "<group>";
		};
/* End PBXVariantGroup section */

/* Begin XCBuildConfiguration section */
		59DDE3DB1EFCB3870061BF21 /* Debug */ = {
			isa = XCBuildConfiguration;
			buildSettings = {
				ALWAYS_SEARCH_USER_PATHS = NO;
				CLANG_ANALYZER_NONNULL = YES;
				CLANG_ANALYZER_NUMBER_OBJECT_CONVERSION = YES_AGGRESSIVE;
				CLANG_CXX_LANGUAGE_STANDARD = "gnu++14";
				CLANG_CXX_LIBRARY = "libc++";
				CLANG_ENABLE_MODULES = YES;
				CLANG_ENABLE_OBJC_ARC = YES;
				CLANG_WARN_BLOCK_CAPTURE_AUTORELEASING = YES;
				CLANG_WARN_BOOL_CONVERSION = YES;
				CLANG_WARN_COMMA = YES;
				CLANG_WARN_CONSTANT_CONVERSION = YES;
				CLANG_WARN_DIRECT_OBJC_ISA_USAGE = YES_ERROR;
				CLANG_WARN_DOCUMENTATION_COMMENTS = YES;
				CLANG_WARN_EMPTY_BODY = YES;
				CLANG_WARN_ENUM_CONVERSION = YES;
				CLANG_WARN_INFINITE_RECURSION = YES;
				CLANG_WARN_INT_CONVERSION = YES;
				CLANG_WARN_OBJC_ROOT_CLASS = YES_ERROR;
				CLANG_WARN_RANGE_LOOP_ANALYSIS = YES;
				CLANG_WARN_STRICT_PROTOTYPES = YES;
				CLANG_WARN_SUSPICIOUS_MOVE = YES;
				CLANG_WARN_UNGUARDED_AVAILABILITY = YES_AGGRESSIVE;
				CLANG_WARN_UNREACHABLE_CODE = YES;
				CLANG_WARN__DUPLICATE_METHOD_MATCH = YES;
				CODE_SIGN_IDENTITY = "iPhone Developer";
				COPY_PHASE_STRIP = NO;
				DEBUG_INFORMATION_FORMAT = dwarf;
				ENABLE_STRICT_OBJC_MSGSEND = YES;
				ENABLE_TESTABILITY = YES;
				GCC_C_LANGUAGE_STANDARD = gnu11;
				GCC_DYNAMIC_NO_PIC = NO;
				GCC_NO_COMMON_BLOCKS = YES;
				GCC_OPTIMIZATION_LEVEL = 0;
				GCC_PREPROCESSOR_DEFINITIONS = (
					"DEBUG=1",
					"$(inherited)",
				);
				GCC_WARN_64_TO_32_BIT_CONVERSION = YES;
				GCC_WARN_ABOUT_RETURN_TYPE = YES_ERROR;
				GCC_WARN_UNDECLARED_SELECTOR = YES;
				GCC_WARN_UNINITIALIZED_AUTOS = YES_AGGRESSIVE;
				GCC_WARN_UNUSED_FUNCTION = YES;
				GCC_WARN_UNUSED_VARIABLE = YES;
				IPHONEOS_DEPLOYMENT_TARGET = 11.0;
				MTL_ENABLE_DEBUG_INFO = YES;
				ONLY_ACTIVE_ARCH = YES;
				SDKROOT = iphoneos;
				SWIFT_ACTIVE_COMPILATION_CONDITIONS = DEBUG;
				SWIFT_OPTIMIZATION_LEVEL = "-Onone";
			};
			name = Debug;
		};
		59DDE3DC1EFCB3870061BF21 /* Release */ = {
			isa = XCBuildConfiguration;
			buildSettings = {
				ALWAYS_SEARCH_USER_PATHS = NO;
				CLANG_ANALYZER_NONNULL = YES;
				CLANG_ANALYZER_NUMBER_OBJECT_CONVERSION = YES_AGGRESSIVE;
				CLANG_CXX_LANGUAGE_STANDARD = "gnu++14";
				CLANG_CXX_LIBRARY = "libc++";
				CLANG_ENABLE_MODULES = YES;
				CLANG_ENABLE_OBJC_ARC = YES;
				CLANG_WARN_BLOCK_CAPTURE_AUTORELEASING = YES;
				CLANG_WARN_BOOL_CONVERSION = YES;
				CLANG_WARN_COMMA = YES;
				CLANG_WARN_CONSTANT_CONVERSION = YES;
				CLANG_WARN_DIRECT_OBJC_ISA_USAGE = YES_ERROR;
				CLANG_WARN_DOCUMENTATION_COMMENTS = YES;
				CLANG_WARN_EMPTY_BODY = YES;
				CLANG_WARN_ENUM_CONVERSION = YES;
				CLANG_WARN_INFINITE_RECURSION = YES;
				CLANG_WARN_INT_CONVERSION = YES;
				CLANG_WARN_OBJC_ROOT_CLASS = YES_ERROR;
				CLANG_WARN_RANGE_LOOP_ANALYSIS = YES;
				CLANG_WARN_STRICT_PROTOTYPES = YES;
				CLANG_WARN_SUSPICIOUS_MOVE = YES;
				CLANG_WARN_UNGUARDED_AVAILABILITY = YES_AGGRESSIVE;
				CLANG_WARN_UNREACHABLE_CODE = YES;
				CLANG_WARN__DUPLICATE_METHOD_MATCH = YES;
				CODE_SIGN_IDENTITY = "iPhone Developer";
				COPY_PHASE_STRIP = NO;
				DEBUG_INFORMATION_FORMAT = "dwarf-with-dsym";
				ENABLE_NS_ASSERTIONS = NO;
				ENABLE_STRICT_OBJC_MSGSEND = YES;
				GCC_C_LANGUAGE_STANDARD = gnu11;
				GCC_NO_COMMON_BLOCKS = YES;
				GCC_WARN_64_TO_32_BIT_CONVERSION = YES;
				GCC_WARN_ABOUT_RETURN_TYPE = YES_ERROR;
				GCC_WARN_UNDECLARED_SELECTOR = YES;
				GCC_WARN_UNINITIALIZED_AUTOS = YES_AGGRESSIVE;
				GCC_WARN_UNUSED_FUNCTION = YES;
				GCC_WARN_UNUSED_VARIABLE = YES;
				IPHONEOS_DEPLOYMENT_TARGET = 11.0;
				MTL_ENABLE_DEBUG_INFO = NO;
				SDKROOT = iphoneos;
				SWIFT_OPTIMIZATION_LEVEL = "-Owholemodule";
				VALIDATE_PRODUCT = YES;
			};
			name = Release;
		};
		59DDE3DE1EFCB3870061BF21 /* Debug */ = {
			isa = XCBuildConfiguration;
			buildSettings = {
				ASSETCATALOG_COMPILER_APPICON_NAME = AppIcon;
				DEVELOPMENT_TEAM = BQ36HZ34XR;
				INFOPLIST_FILE = "iOS Samplers/Info.plist";
				LD_RUNPATH_SEARCH_PATHS = "$(inherited) @executable_path/Frameworks";
				PRODUCT_BUNDLE_IDENTIFIER = "com.chenshi.iOS-Samplers";
				PRODUCT_NAME = "$(TARGET_NAME)";
				SWIFT_VERSION = 4.0;
				TARGETED_DEVICE_FAMILY = "1,2";
			};
			name = Debug;
		};
		59DDE3DF1EFCB3870061BF21 /* Release */ = {
			isa = XCBuildConfiguration;
			buildSettings = {
				ASSETCATALOG_COMPILER_APPICON_NAME = AppIcon;
				DEVELOPMENT_TEAM = BQ36HZ34XR;
				INFOPLIST_FILE = "iOS Samplers/Info.plist";
				LD_RUNPATH_SEARCH_PATHS = "$(inherited) @executable_path/Frameworks";
				PRODUCT_BUNDLE_IDENTIFIER = "com.chenshi.iOS-Samplers";
				PRODUCT_NAME = "$(TARGET_NAME)";
				SWIFT_VERSION = 4.0;
				TARGETED_DEVICE_FAMILY = "1,2";
			};
			name = Release;
		};
/* End XCBuildConfiguration section */

/* Begin XCConfigurationList section */
		59DDE3C31EFCB3870061BF21 /* Build configuration list for PBXProject "iOS Samplers" */ = {
			isa = XCConfigurationList;
			buildConfigurations = (
				59DDE3DB1EFCB3870061BF21 /* Debug */,
				59DDE3DC1EFCB3870061BF21 /* Release */,
			);
			defaultConfigurationIsVisible = 0;
			defaultConfigurationName = Release;
		};
		59DDE3DD1EFCB3870061BF21 /* Build configuration list for PBXNativeTarget "iOS Samplers" */ = {
			isa = XCConfigurationList;
			buildConfigurations = (
				59DDE3DE1EFCB3870061BF21 /* Debug */,
				59DDE3DF1EFCB3870061BF21 /* Release */,
			);
			defaultConfigurationIsVisible = 0;
		};
/* End XCConfigurationList section */

/* Begin XCVersionGroup section */
		59DDE3D21EFCB3870061BF21 /* iOS_Samplers.xcdatamodeld */ = {
			isa = XCVersionGroup;
			children = (
				59DDE3D31EFCB3870061BF21 /* iOS_Samplers.xcdatamodel */,
			);
			currentVersion = 59DDE3D31EFCB3870061BF21 /* iOS_Samplers.xcdatamodel */;
			path = iOS_Samplers.xcdatamodeld;
			sourceTree = "<group>";
			versionGroupType = wrapper.xcdatamodel;
		};
/* End XCVersionGroup section */
	};
	rootObject = 59DDE3C01EFCB3870061BF21 /* Project object */;
}
